// !$*UTF8*$!
{
	archiveVersion = 1;
	classes = {
	};
	objectVersion = 46;
	objects = {

/* Begin PBXBuildFile section */
		AA1E468E1C942F1700A957A0 /* AppDelegate.swift in Sources */ = {isa = PBXBuildFile; fileRef = AA1E468D1C942F1700A957A0 /* AppDelegate.swift */; };
		AA1E46901C942F1700A957A0 /* ListViewController.swift in Sources */ = {isa = PBXBuildFile; fileRef = AA1E468F1C942F1700A957A0 /* ListViewController.swift */; };
		AA1E46951C942F1700A957A0 /* Assets.xcassets in Resources */ = {isa = PBXBuildFile; fileRef = AA1E46941C942F1700A957A0 /* Assets.xcassets */; };
		AA1E46981C942F1700A957A0 /* LaunchScreen.storyboard in Resources */ = {isa = PBXBuildFile; fileRef = AA1E46961C942F1700A957A0 /* LaunchScreen.storyboard */; };
		AA1E46A11C942F7400A957A0 /* ListViewOutput.swift in Sources */ = {isa = PBXBuildFile; fileRef = AA1E46A01C942F7400A957A0 /* ListViewOutput.swift */; };
		AA1E46A31C942FD500A957A0 /* ListInteractorInput.swift in Sources */ = {isa = PBXBuildFile; fileRef = AA1E46A21C942FD500A957A0 /* ListInteractorInput.swift */; };
		AA1E46A51C94304F00A957A0 /* ListInteractorOutput.swift in Sources */ = {isa = PBXBuildFile; fileRef = AA1E46A41C94304F00A957A0 /* ListInteractorOutput.swift */; };
		AA1E46AB1C9430DB00A957A0 /* PlaceModel.swift in Sources */ = {isa = PBXBuildFile; fileRef = AA1E46AA1C9430DB00A957A0 /* PlaceModel.swift */; };
		AA1E46AD1C94323100A957A0 /* PlaceUIModel.swift in Sources */ = {isa = PBXBuildFile; fileRef = AA1E46AC1C94323100A957A0 /* PlaceUIModel.swift */; };
		AA1E46AF1C94339B00A957A0 /* ListModulePresenter.swift in Sources */ = {isa = PBXBuildFile; fileRef = AA1E46AE1C94339B00A957A0 /* ListModulePresenter.swift */; };
		AA1E46B11C94354400A957A0 /* ListModuleView.swift in Sources */ = {isa = PBXBuildFile; fileRef = AA1E46B01C94354300A957A0 /* ListModuleView.swift */; };
		AA1E46B31C9437F200A957A0 /* ListInteractor.swift in Sources */ = {isa = PBXBuildFile; fileRef = AA1E46B21C9437F200A957A0 /* ListInteractor.swift */; };
		AA642DF11C99B91F003D23F6 /* ListWireframe.swift in Sources */ = {isa = PBXBuildFile; fileRef = AA642DF01C99B91F003D23F6 /* ListWireframe.swift */; };
/* End PBXBuildFile section */

/* Begin PBXFileReference section */
		AA1E468A1C942F1700A957A0 /* PlacesSwift.app */ = {isa = PBXFileReference; explicitFileType = wrapper.application; includeInIndex = 0; path = PlacesSwift.app; sourceTree = BUILT_PRODUCTS_DIR; };
		AA1E468D1C942F1700A957A0 /* AppDelegate.swift */ = {isa = PBXFileReference; lastKnownFileType = sourcecode.swift; path = AppDelegate.swift; sourceTree = "<group>"; };
		AA1E468F1C942F1700A957A0 /* ListViewController.swift */ = {isa = PBXFileReference; lastKnownFileType = sourcecode.swift; path = ListViewController.swift; sourceTree = "<group>"; };
		AA1E46941C942F1700A957A0 /* Assets.xcassets */ = {isa = PBXFileReference; lastKnownFileType = folder.assetcatalog; path = Assets.xcassets; sourceTree = "<group>"; };
		AA1E46971C942F1700A957A0 /* Base */ = {isa = PBXFileReference; lastKnownFileType = file.storyboard; name = Base; path = Base.lproj/LaunchScreen.storyboard; sourceTree = "<group>"; };
		AA1E46991C942F1700A957A0 /* Info.plist */ = {isa = PBXFileReference; lastKnownFileType = text.plist.xml; path = Info.plist; sourceTree = "<group>"; };
		AA1E46A01C942F7400A957A0 /* ListViewOutput.swift */ = {isa = PBXFileReference; fileEncoding = 4; lastKnownFileType = sourcecode.swift; path = ListViewOutput.swift; sourceTree = "<group>"; };
		AA1E46A21C942FD500A957A0 /* ListInteractorInput.swift */ = {isa = PBXFileReference; fileEncoding = 4; lastKnownFileType = sourcecode.swift; path = ListInteractorInput.swift; sourceTree = "<group>"; };
		AA1E46A41C94304F00A957A0 /* ListInteractorOutput.swift */ = {isa = PBXFileReference; fileEncoding = 4; lastKnownFileType = sourcecode.swift; path = ListInteractorOutput.swift; sourceTree = "<group>"; };
		AA1E46AA1C9430DB00A957A0 /* PlaceModel.swift */ = {isa = PBXFileReference; fileEncoding = 4; lastKnownFileType = sourcecode.swift; path = PlaceModel.swift; sourceTree = "<group>"; };
		AA1E46AC1C94323100A957A0 /* PlaceUIModel.swift */ = {isa = PBXFileReference; fileEncoding = 4; lastKnownFileType = sourcecode.swift; path = PlaceUIModel.swift; sourceTree = "<group>"; };
		AA1E46AE1C94339B00A957A0 /* ListModulePresenter.swift */ = {isa = PBXFileReference; fileEncoding = 4; lastKnownFileType = sourcecode.swift; path = ListModulePresenter.swift; sourceTree = "<group>"; };
		AA1E46B01C94354300A957A0 /* ListModuleView.swift */ = {isa = PBXFileReference; fileEncoding = 4; lastKnownFileType = sourcecode.swift; path = ListModuleView.swift; sourceTree = "<group>"; };
		AA1E46B21C9437F200A957A0 /* ListInteractor.swift */ = {isa = PBXFileReference; fileEncoding = 4; lastKnownFileType = sourcecode.swift; path = ListInteractor.swift; sourceTree = "<group>"; };
		AA642DF01C99B91F003D23F6 /* ListWireframe.swift */ = {isa = PBXFileReference; fileEncoding = 4; lastKnownFileType = sourcecode.swift; path = ListWireframe.swift; sourceTree = "<group>"; };
/* End PBXFileReference section */

/* Begin PBXFrameworksBuildPhase section */
		AA1E46871C942F1700A957A0 /* Frameworks */ = {
			isa = PBXFrameworksBuildPhase;
			buildActionMask = 2147483647;
			files = (
			);
			runOnlyForDeploymentPostprocessing = 0;
		};
/* End PBXFrameworksBuildPhase section */

/* Begin PBXGroup section */
		AA1E46811C942F1700A957A0 = {
			isa = PBXGroup;
			children = (
				AA1E468C1C942F1700A957A0 /* PlacesSwift */,
				AA1E468B1C942F1700A957A0 /* Products */,
			);
			sourceTree = "<group>";
		};
		AA1E468B1C942F1700A957A0 /* Products */ = {
			isa = PBXGroup;
			children = (
				AA1E468A1C942F1700A957A0 /* PlacesSwift.app */,
			);
			name = Products;
			sourceTree = "<group>";
		};
		AA1E468C1C942F1700A957A0 /* PlacesSwift */ = {
			isa = PBXGroup;
			children = (
				AA1E469F1C942F2500A957A0 /* ListModule */,
				AA1E468D1C942F1700A957A0 /* AppDelegate.swift */,
				AA1E46941C942F1700A957A0 /* Assets.xcassets */,
				AA1E46961C942F1700A957A0 /* LaunchScreen.storyboard */,
				AA1E46991C942F1700A957A0 /* Info.plist */,
			);
			path = PlacesSwift;
			sourceTree = "<group>";
		};
		AA1E469F1C942F2500A957A0 /* ListModule */ = {
			isa = PBXGroup;
			children = (
				AA1E46A91C9430C800A957A0 /* DTO */,
				AA1E46A81C9430AC00A957A0 /* View */,
				AA1E46A71C94309D00A957A0 /* Presenter */,
				AA1E46A61C94309300A957A0 /* Logic */,
				AA642DF01C99B91F003D23F6 /* ListWireframe.swift */,
			);
			name = ListModule;
			sourceTree = "<group>";
		};
		AA1E46A61C94309300A957A0 /* Logic */ = {
			isa = PBXGroup;
			children = (
				AA1E46A21C942FD500A957A0 /* ListInteractorInput.swift */,
				AA1E46A41C94304F00A957A0 /* ListInteractorOutput.swift */,
				AA1E46B21C9437F200A957A0 /* ListInteractor.swift */,
			);
			name = Logic;
			sourceTree = "<group>";
		};
		AA1E46A71C94309D00A957A0 /* Presenter */ = {
			isa = PBXGroup;
			children = (
				AA1E46AE1C94339B00A957A0 /* ListModulePresenter.swift */,
			);
			name = Presenter;
			sourceTree = "<group>";
		};
		AA1E46A81C9430AC00A957A0 /* View */ = {
			isa = PBXGroup;
			children = (
				AA1E468F1C942F1700A957A0 /* ListViewController.swift */,
				AA1E46A01C942F7400A957A0 /* ListViewOutput.swift */,
				AA1E46B01C94354300A957A0 /* ListModuleView.swift */,
			);
			name = View;
			sourceTree = "<group>";
		};
		AA1E46A91C9430C800A957A0 /* DTO */ = {
			isa = PBXGroup;
			children = (
				AA1E46AA1C9430DB00A957A0 /* PlaceModel.swift */,
				AA1E46AC1C94323100A957A0 /* PlaceUIModel.swift */,
			);
			name = DTO;
			sourceTree = "<group>";
		};
/* End PBXGroup section */

/* Begin PBXNativeTarget section */
		AA1E46891C942F1700A957A0 /* PlacesSwift */ = {
			isa = PBXNativeTarget;
			buildConfigurationList = AA1E469C1C942F1700A957A0 /* Build configuration list for PBXNativeTarget "PlacesSwift" */;
			buildPhases = (
				AA1E46861C942F1700A957A0 /* Sources */,
				AA1E46871C942F1700A957A0 /* Frameworks */,
				AA1E46881C942F1700A957A0 /* Resources */,
			);
			buildRules = (
			);
			dependencies = (
			);
			name = PlacesSwift;
			productName = PlacesSwift;
			productReference = AA1E468A1C942F1700A957A0 /* PlacesSwift.app */;
			productType = "com.apple.product-type.application";
		};
/* End PBXNativeTarget section */

/* Begin PBXProject section */
		AA1E46821C942F1700A957A0 /* Project object */ = {
			isa = PBXProject;
			attributes = {
				LastSwiftUpdateCheck = 0720;
				LastUpgradeCheck = 0720;
				ORGANIZATIONNAME = azat;
				TargetAttributes = {
					AA1E46891C942F1700A957A0 = {
						CreatedOnToolsVersion = 7.2;
					};
				};
			};
			buildConfigurationList = AA1E46851C942F1700A957A0 /* Build configuration list for PBXProject "PlacesSwift" */;
			compatibilityVersion = "Xcode 3.2";
			developmentRegion = English;
			hasScannedForEncodings = 0;
			knownRegions = (
				en,
				Base,
			);
			mainGroup = AA1E46811C942F1700A957A0;
			productRefGroup = AA1E468B1C942F1700A957A0 /* Products */;
			projectDirPath = "";
			projectRoot = "";
			targets = (
				AA1E46891C942F1700A957A0 /* PlacesSwift */,
			);
		};
/* End PBXProject section */

/* Begin PBXResourcesBuildPhase section */
		AA1E46881C942F1700A957A0 /* Resources */ = {
			isa = PBXResourcesBuildPhase;
			buildActionMask = 2147483647;
			files = (
				AA1E46981C942F1700A957A0 /* LaunchScreen.storyboard in Resources */,
				AA1E46951C942F1700A957A0 /* Assets.xcassets in Resources */,
			);
			runOnlyForDeploymentPostprocessing = 0;
		};
/* End PBXResourcesBuildPhase section */

/* Begin PBXSourcesBuildPhase section */
		AA1E46861C942F1700A957A0 /* Sources */ = {
			isa = PBXSourcesBuildPhase;
			buildActionMask = 2147483647;
			files = (
				AA1E46B31C9437F200A957A0 /* ListInteractor.swift in Sources */,
				AA1E46AD1C94323100A957A0 /* PlaceUIModel.swift in Sources */,
				AA1E46901C942F1700A957A0 /* ListViewController.swift in Sources */,
				AA1E46AB1C9430DB00A957A0 /* PlaceModel.swift in Sources */,
				AA1E46A11C942F7400A957A0 /* ListViewOutput.swift in Sources */,
				AA1E468E1C942F1700A957A0 /* AppDelegate.swift in Sources */,
				AA1E46A51C94304F00A957A0 /* ListInteractorOutput.swift in Sources */,
				AA1E46AF1C94339B00A957A0 /* ListModulePresenter.swift in Sources */,
				AA642DF11C99B91F003D23F6 /* ListWireframe.swift in Sources */,
				AA1E46B11C94354400A957A0 /* ListModuleView.swift in Sources */,
				AA1E46A31C942FD500A957A0 /* ListInteractorInput.swift in Sources */,
			);
			runOnlyForDeploymentPostprocessing = 0;
		};
/* End PBXSourcesBuildPhase section */

/* Begin PBXVariantGroup section */
		AA1E46961C942F1700A957A0 /* LaunchScreen.storyboard */ = {
			isa = PBXVariantGroup;
			children = (
				AA1E46971C942F1700A957A0 /* Base */,
			);
			name = LaunchScreen.storyboard;
			sourceTree = "<group>";
		};
/* End PBXVariantGroup section */

/* Begin XCBuildConfiguration section */
		AA1E469A1C942F1700A957A0 /* Debug */ = {
			isa = XCBuildConfiguration;
			buildSettings = {
				ALWAYS_SEARCH_USER_PATHS = NO;
				CLANG_CXX_LANGUAGE_STANDARD = "gnu++0x";
				CLANG_CXX_LIBRARY = "libc++";
				CLANG_ENABLE_MODULES = YES;
				CLANG_ENABLE_OBJC_ARC = YES;
				CLANG_WARN_BOOL_CONVERSION = YES;
				CLANG_WARN_CONSTANT_CONVERSION = YES;
				CLANG_WARN_DIRECT_OBJC_ISA_USAGE = YES_ERROR;
				CLANG_WARN_EMPTY_BODY = YES;
				CLANG_WARN_ENUM_CONVERSION = YES;
				CLANG_WARN_INT_CONVERSION = YES;
				CLANG_WARN_OBJC_ROOT_CLASS = YES_ERROR;
				CLANG_WARN_UNREACHABLE_CODE = YES;
				CLANG_WARN__DUPLICATE_METHOD_MATCH = YES;
				"CODE_SIGN_IDENTITY[sdk=iphoneos*]" = "iPhone Developer";
				COPY_PHASE_STRIP = NO;
				DEBUG_INFORMATION_FORMAT = dwarf;
				ENABLE_STRICT_OBJC_MSGSEND = YES;
				ENABLE_TESTABILITY = YES;
				GCC_C_LANGUAGE_STANDARD = gnu99;
				GCC_DYNAMIC_NO_PIC = NO;
				GCC_NO_COMMON_BLOCKS = YES;
				GCC_OPTIMIZATION_LEVEL = 0;
				GCC_PREPROCESSOR_DEFINITIONS = (
					"DEBUG=1",
					"$(inherited)",
				);
				GCC_WARN_64_TO_32_BIT_CONVERSION = YES;
				GCC_WARN_ABOUT_RETURN_TYPE = YES_ERROR;
				GCC_WARN_UNDECLARED_SELECTOR = YES;
				GCC_WARN_UNINITIALIZED_AUTOS = YES_AGGRESSIVE;
				GCC_WARN_UNUSED_FUNCTION = YES;
				GCC_WARN_UNUSED_VARIABLE = YES;
				IPHONEOS_DEPLOYMENT_TARGET = 9.2;
				MTL_ENABLE_DEBUG_INFO = YES;
				ONLY_ACTIVE_ARCH = YES;
				SDKROOT = iphoneos;
				SWIFT_OPTIMIZATION_LEVEL = "-Onone";
			};
			name = Debug;
		};
		AA1E469B1C942F1700A957A0 /* Release */ = {
			isa = XCBuildConfiguration;
			buildSettings = {
				ALWAYS_SEARCH_USER_PATHS = NO;
				CLANG_CXX_LANGUAGE_STANDARD = "gnu++0x";
				CLANG_CXX_LIBRARY = "libc++";
				CLANG_ENABLE_MODULES = YES;
				CLANG_ENABLE_OBJC_ARC = YES;
				CLANG_WARN_BOOL_CONVERSION = YES;
				CLANG_WARN_CONSTANT_CONVERSION = YES;
				CLANG_WARN_DIRECT_OBJC_ISA_USAGE = YES_ERROR;
				CLANG_WARN_EMPTY_BODY = YES;
				CLANG_WARN_ENUM_CONVERSION = YES;
				CLANG_WARN_INT_CONVERSION = YES;
				CLANG_WARN_OBJC_ROOT_CLASS = YES_ERROR;
				CLANG_WARN_UNREACHABLE_CODE = YES;
				CLANG_WARN__DUPLICATE_METHOD_MATCH = YES;
				"CODE_SIGN_IDENTITY[sdk=iphoneos*]" = "iPhone Developer";
				COPY_PHASE_STRIP = NO;
				DEBUG_INFORMATION_FORMAT = "dwarf-with-dsym";
				ENABLE_NS_ASSERTIONS = NO;
				ENABLE_STRICT_OBJC_MSGSEND = YES;
				GCC_C_LANGUAGE_STANDARD = gnu99;
				GCC_NO_COMMON_BLOCKS = YES;
				GCC_WARN_64_TO_32_BIT_CONVERSION = YES;
				GCC_WARN_ABOUT_RETURN_TYPE = YES_ERROR;
				GCC_WARN_UNDECLARED_SELECTOR = YES;
				GCC_WARN_UNINITIALIZED_AUTOS = YES_AGGRESSIVE;
				GCC_WARN_UNUSED_FUNCTION = YES;
				GCC_WARN_UNUSED_VARIABLE = YES;
				IPHONEOS_DEPLOYMENT_TARGET = 9.2;
				MTL_ENABLE_DEBUG_INFO = NO;
				SDKROOT = iphoneos;
				VALIDATE_PRODUCT = YES;
			};
			name = Release;
		};
		AA1E469D1C942F1700A957A0 /* Debug */ = {
			isa = XCBuildConfiguration;
			buildSettings = {
				ASSETCATALOG_COMPILER_APPICON_NAME = AppIcon;
				INFOPLIST_FILE = PlacesSwift/Info.plist;
				LD_RUNPATH_SEARCH_PATHS = "$(inherited) @executable_path/Frameworks";
				PRODUCT_BUNDLE_IDENTIFIER = azat.PlacesSwift;
				PRODUCT_NAME = "$(TARGET_NAME)";
			};
			name = Debug;
		};
		AA1E469E1C942F1700A957A0 /* Release */ = {
			isa = XCBuildConfiguration;
			buildSettings = {
				ASSETCATALOG_COMPILER_APPICON_NAME = AppIcon;
				INFOPLIST_FILE = PlacesSwift/Info.plist;
				LD_RUNPATH_SEARCH_PATHS = "$(inherited) @executable_path/Frameworks";
				PRODUCT_BUNDLE_IDENTIFIER = azat.PlacesSwift;
				PRODUCT_NAME = "$(TARGET_NAME)";
			};
			name = Release;
		};
/* End XCBuildConfiguration section */

/* Begin XCConfigurationList section */
		AA1E46851C942F1700A957A0 /* Build configuration list for PBXProject "PlacesSwift" */ = {
			isa = XCConfigurationList;
			buildConfigurations = (
				AA1E469A1C942F1700A957A0 /* Debug */,
				AA1E469B1C942F1700A957A0 /* Release */,
			);
			defaultConfigurationIsVisible = 0;
			defaultConfigurationName = Release;
		};
		AA1E469C1C942F1700A957A0 /* Build configuration list for PBXNativeTarget "PlacesSwift" */ = {
			isa = XCConfigurationList;
			buildConfigurations = (
				AA1E469D1C942F1700A957A0 /* Debug */,
				AA1E469E1C942F1700A957A0 /* Release */,
			);
			defaultConfigurationIsVisible = 0;
			defaultConfigurationName = Release;
		};
/* End XCConfigurationList section */
	};
	rootObject = AA1E46821C942F1700A957A0 /* Project object */;
}
